
Microsoft Visual Studio Solution File, Format Version 12.00
# Visual Studio 15
VisualStudioVersion = 15.0.28307.1259
MinimumVisualStudioVersion = 10.0.40219.1
Project("{FAE04EC0-301F-11D3-BF4B-00C04F79EFBC}") = "gallery2", "gallery2.csproj", "{638866E4-E5C0-4CDE-B9BE-9CBF1B5C63BF}"
EndProject
Global
	GlobalSection(SolutionConfigurationPlatforms) = preSolution
		Debug|Any CPU = Debug|Any CPU
		Release|Any CPU = Release|Any CPU
	EndGlobalSection
	GlobalSection(ProjectConfigurationPlatforms) = postSolution
		{638866E4-E5C0-4CDE-B9BE-9CBF1B5C63BF}.Debug|Any CPU.ActiveCfg = Debug|Any CPU
		{638866E4-E5C0-4CDE-B9BE-9CBF1B5C63BF}.Debug|Any CPU.Build.0 = Debug|Any CPU
		{638866E4-E5C0-4CDE-B9BE-9CBF1B5C63BF}.Release|Any CPU.ActiveCfg = Release|Any CPU
		{638866E4-E5C0-4CDE-B9BE-9CBF1B5C63BF}.Release|Any CPU.Build.0 = Release|Any CPU
	EndGlobalSection
	GlobalSection(SolutionProperties) = preSolution
		HideSolutionNode = FALSE
	EndGlobalSection
	GlobalSection(ExtensibilityGlobals) = postSolution
		SolutionGuid = {5AAE2937-D509-4DF5-896E-51D5795A7901}
	EndGlobalSection
EndGlobal
